
Microsoft Visual Studio Solution File, Format Version 12.00
# Visual Studio Version 17
VisualStudioVersion = 17.5.33627.172
MinimumVisualStudioVersion = 10.0.40219.1
Project("{FAE04EC0-301F-11D3-BF4B-00C04F79EFBC}") = "GPThing", "GPThing\GPThing.csproj", "{2FBF5A2A-D65F-45CD-8CD1-ECBB40848652}"
EndProject
Global
	GlobalSection(SolutionConfigurationPlatforms) = preSolution
		Debug|Any CPU = Debug|Any CPU
		Debug|x64 = Debug|x64
		Release|Any CPU = Release|Any CPU
		Release|x64 = Release|x64
	EndGlobalSection
	GlobalSection(ProjectConfigurationPlatforms) = postSolution
		{2FBF5A2A-D65F-45CD-8CD1-ECBB40848652}.Debug|Any CPU.ActiveCfg = Debug|Any CPU
		{2FBF5A2A-D65F-45CD-8CD1-ECBB40848652}.Debug|Any CPU.Build.0 = Debug|Any CPU
		{2FBF5A2A-D65F-45CD-8CD1-ECBB40848652}.Debug|x64.ActiveCfg = Debug|x64
		{2FBF5A2A-D65F-45CD-8CD1-ECBB40848652}.Debug|x64.Build.0 = Debug|x64
		{2FBF5A2A-D65F-45CD-8CD1-ECBB40848652}.Release|Any CPU.ActiveCfg = Release|Any CPU
		{2FBF5A2A-D65F-45CD-8CD1-ECBB40848652}.Release|Any CPU.Build.0 = Release|Any CPU
		{2FBF5A2A-D65F-45CD-8CD1-ECBB40848652}.Release|x64.ActiveCfg = Release|x64
		{2FBF5A2A-D65F-45CD-8CD1-ECBB40848652}.Release|x64.Build.0 = Release|x64
	EndGlobalSection
	GlobalSection(SolutionProperties) = preSolution
		HideSolutionNode = FALSE
	EndGlobalSection
	GlobalSection(ExtensibilityGlobals) = postSolution
		SolutionGuid = {8334C509-091B-468A-9A64-0F3F428606F4}
	EndGlobalSection
EndGlobal
